
Microsoft Visual Studio Solution File, Format Version 12.00
# Visual Studio Version 16
VisualStudioVersion = 16.0.29709.97
MinimumVisualStudioVersion = 10.0.40219.1
Project("{9A19103F-16F7-4668-BE54-9A1E7A4F7556}") = "AngularCore", "AngularCore\AngularCore.csproj", "{AE69C6EB-8148-4F97-B336-404A6BF31544}"
EndProject
Project("{9A19103F-16F7-4668-BE54-9A1E7A4F7556}") = "BlazorApp", "BlazorApp\BlazorApp.csproj", "{6B95032D-7216-4F4C-ACF8-74E7A07D5F70}"
EndProject
Project("{9A19103F-16F7-4668-BE54-9A1E7A4F7556}") = "RazorApp", "RazorTest\RazorApp.csproj", "{411AC0EE-9FA3-4AA5-86F2-96F0090977B5}"
EndProject
Project("{9A19103F-16F7-4668-BE54-9A1E7A4F7556}") = "Common", "Common\Common.csproj", "{2DB7E3E4-7AB1-4F30-9277-5AA479750C76}"
EndProject
Project("{9A19103F-16F7-4668-BE54-9A1E7A4F7556}") = "Infrastucture", "Infrastructure\Infrastucture.csproj", "{C6BA1540-EDA3-487C-9A60-FF0B74A8A399}"
EndProject
Project("{9A19103F-16F7-4668-BE54-9A1E7A4F7556}") = "Access", "Access\Access.csproj", "{FB9A9BE3-9719-4929-BE0E-489912965F63}"
EndProject
Global
	GlobalSection(SolutionConfigurationPlatforms) = preSolution
		Debug|Any CPU = Debug|Any CPU
		Release|Any CPU = Release|Any CPU
	EndGlobalSection
	GlobalSection(ProjectConfigurationPlatforms) = postSolution
		{AE69C6EB-8148-4F97-B336-404A6BF31544}.Debug|Any CPU.ActiveCfg = Debug|Any CPU
		{AE69C6EB-8148-4F97-B336-404A6BF31544}.Debug|Any CPU.Build.0 = Debug|Any CPU
		{AE69C6EB-8148-4F97-B336-404A6BF31544}.Release|Any CPU.ActiveCfg = Release|Any CPU
		{AE69C6EB-8148-4F97-B336-404A6BF31544}.Release|Any CPU.Build.0 = Release|Any CPU
		{6B95032D-7216-4F4C-ACF8-74E7A07D5F70}.Debug|Any CPU.ActiveCfg = Debug|Any CPU
		{6B95032D-7216-4F4C-ACF8-74E7A07D5F70}.Debug|Any CPU.Build.0 = Debug|Any CPU
		{6B95032D-7216-4F4C-ACF8-74E7A07D5F70}.Release|Any CPU.ActiveCfg = Release|Any CPU
		{6B95032D-7216-4F4C-ACF8-74E7A07D5F70}.Release|Any CPU.Build.0 = Release|Any CPU
		{411AC0EE-9FA3-4AA5-86F2-96F0090977B5}.Debug|Any CPU.ActiveCfg = Debug|Any CPU
		{411AC0EE-9FA3-4AA5-86F2-96F0090977B5}.Debug|Any CPU.Build.0 = Debug|Any CPU
		{411AC0EE-9FA3-4AA5-86F2-96F0090977B5}.Release|Any CPU.ActiveCfg = Release|Any CPU
		{411AC0EE-9FA3-4AA5-86F2-96F0090977B5}.Release|Any CPU.Build.0 = Release|Any CPU
		{2DB7E3E4-7AB1-4F30-9277-5AA479750C76}.Debug|Any CPU.ActiveCfg = Debug|Any CPU
		{2DB7E3E4-7AB1-4F30-9277-5AA479750C76}.Debug|Any CPU.Build.0 = Debug|Any CPU
		{2DB7E3E4-7AB1-4F30-9277-5AA479750C76}.Release|Any CPU.ActiveCfg = Release|Any CPU
		{2DB7E3E4-7AB1-4F30-9277-5AA479750C76}.Release|Any CPU.Build.0 = Release|Any CPU
		{C6BA1540-EDA3-487C-9A60-FF0B74A8A399}.Debug|Any CPU.ActiveCfg = Debug|Any CPU
		{C6BA1540-EDA3-487C-9A60-FF0B74A8A399}.Debug|Any CPU.Build.0 = Debug|Any CPU
		{C6BA1540-EDA3-487C-9A60-FF0B74A8A399}.Release|Any CPU.ActiveCfg = Release|Any CPU
		{C6BA1540-EDA3-487C-9A60-FF0B74A8A399}.Release|Any CPU.Build.0 = Release|Any CPU
		{FB9A9BE3-9719-4929-BE0E-489912965F63}.Debug|Any CPU.ActiveCfg = Debug|Any CPU
		{FB9A9BE3-9719-4929-BE0E-489912965F63}.Debug|Any CPU.Build.0 = Debug|Any CPU
		{FB9A9BE3-9719-4929-BE0E-489912965F63}.Release|Any CPU.ActiveCfg = Release|Any CPU
		{FB9A9BE3-9719-4929-BE0E-489912965F63}.Release|Any CPU.Build.0 = Release|Any CPU
	EndGlobalSection
	GlobalSection(SolutionProperties) = preSolution
		HideSolutionNode = FALSE
	EndGlobalSection
	GlobalSection(ExtensibilityGlobals) = postSolution
		SolutionGuid = {92AE7ECE-F611-4945-87D9-DAD8D311ECB7}
	EndGlobalSection
EndGlobal
